PODS:
  - Alamofire (5.4.0)
  - Kingfisher (5.15.7):
    - Kingfisher/Core (= 5.15.7)
  - Kingfisher/Core (5.15.7)
  - Moya (14.0.0):
    - Moya/Core (= 14.0.0)
  - Moya/Core (14.0.0):
    - Alamofire (~> 5.0)
  - NVActivityIndicatorView (5.1.1):
    - NVActivityIndicatorView/Base (= 5.1.1)
  - NVActivityIndicatorView/Base (5.1.1)
  - RxCocoa (5.1.1):
    - RxRelay (~> 5)
    - RxSwift (~> 5)
  - RxRelay (5.1.1):
    - RxSwift (~> 5)
  - RxSwift (5.1.1)
  - SwiftFormat/CLI (0.47.4)
  - SwiftyJSON (5.0.0)
  - Swinject (2.7.1)

DEPENDENCIES:
  - Kingfisher
  - Moya
  - NVActivityIndicatorView
  - RxCocoa
  - RxSwift
  - SwiftFormat/CLI
  - SwiftyJSON
  - Swinject

SPEC REPOS:
  trunk:
    - Alamofire
    - Kingfisher
    - Moya
    - NVActivityIndicatorView
    - RxCocoa
    - RxRelay
    - RxSwift
    - SwiftFormat
    - SwiftyJSON
    - Swinject

SPEC CHECKSUMS:
  Alamofire: 3b6a534a3df22db367e4dedeeca73d1ddfcf0e2f
  Kingfisher: 6e1a13523fcb1c86924ce53affe4ac957e544d59
  Moya: 5b45dacb75adb009f97fde91c204c1e565d31916
  NVActivityIndicatorView: 1f6c5687f1171810aa27a3296814dc2d7dec3667
  RxCocoa: 32065309a38d29b5b0db858819b5bf9ef038b601
  RxRelay: d77f7d771495f43c556cbc43eebd1bb54d01e8e9
  RxSwift: 81470a2074fa8780320ea5fe4102807cb7118178
  SwiftFormat: 43c9302b7dbca1cda59acfc2ac63ac86e281fb14
  SwiftyJSON: 36413e04c44ee145039d332b4f4e2d3e8d6c4db7
  Swinject: ddf78b8486dd9b71a667b852cad919ab4484478e

PODFILE CHECKSUM: a0d83ce3d37055dbc3d563434bedec048f9ee0f2

COCOAPODS: 1.10.0
